// !$*UTF8*$!
{
	archiveVersion = 1;
	classes = {
	};
	objectVersion = 46;
	objects = {

/* Begin PBXBuildFile section */
		1C3CA0CC1AB73F3F008E58B5 /* main.m in Sources */ = {isa = PBXBuildFile; fileRef = 1C3CA0CB1AB73F3F008E58B5 /* main.m */; };
		1C3CA0CF1AB73F3F008E58B5 /* AppDelegate.m in Sources */ = {isa = PBXBuildFile; fileRef = 1C3CA0CE1AB73F3F008E58B5 /* AppDelegate.m */; };
		1C3CA0D21AB73F3F008E58B5 /* ViewController.m in Sources */ = {isa = PBXBuildFile; fileRef = 1C3CA0D11AB73F3F008E58B5 /* ViewController.m */; };
		1C3CA0D51AB73F3F008E58B5 /* Main.storyboard in Resources */ = {isa = PBXBuildFile; fileRef = 1C3CA0D31AB73F3F008E58B5 /* Main.storyboard */; };
		1C3CA0D71AB73F3F008E58B5 /* Images.xcassets in Resources */ = {isa = PBXBuildFile; fileRef = 1C3CA0D61AB73F3F008E58B5 /* Images.xcassets */; };
		1C3CA0DA1AB73F3F008E58B5 /* LaunchScreen.xib in Resources */ = {isa = PBXBuildFile; fileRef = 1C3CA0D81AB73F3F008E58B5 /* LaunchScreen.xib */; };
		1C3CA0E61AB73F3F008E58B5 /* PRCompatiblePopoverTests.m in Sources */ = {isa = PBXBuildFile; fileRef = 1C3CA0E51AB73F3F008E58B5 /* PRCompatiblePopoverTests.m */; };
		1C3CA0F21AB73F9A008E58B5 /* PRCompatiblePopoverController.m in Sources */ = {isa = PBXBuildFile; fileRef = 1C3CA0F11AB73F9A008E58B5 /* PRCompatiblePopoverController.m */; };
		1C3CA0F51AB741B0008E58B5 /* SampleTableViewController.m in Sources */ = {isa = PBXBuildFile; fileRef = 1C3CA0F41AB741B0008E58B5 /* SampleTableViewController.m */; };
/* End PBXBuildFile section */

/* Begin PBXContainerItemProxy section */
		1C3CA0E01AB73F3F008E58B5 /* PBXContainerItemProxy */ = {
			isa = PBXContainerItemProxy;
			containerPortal = 1C3CA0BE1AB73F3F008E58B5 /* Project object */;
			proxyType = 1;
			remoteGlobalIDString = 1C3CA0C51AB73F3F008E58B5;
			remoteInfo = PRCompatiblePopover;
		};
/* End PBXContainerItemProxy section */

/* Begin PBXFileReference section */
		1C3CA0C61AB73F3F008E58B5 /* PRCompatiblePopover.app */ = {isa = PBXFileReference; explicitFileType = wrapper.application; includeInIndex = 0; path = PRCompatiblePopover.app; sourceTree = BUILT_PRODUCTS_DIR; };
		1C3CA0CA1AB73F3F008E58B5 /* Info.plist */ = {isa = PBXFileReference; lastKnownFileType = text.plist.xml; path = Info.plist; sourceTree = "<group>"; };
		1C3CA0CB1AB73F3F008E58B5 /* main.m */ = {isa = PBXFileReference; lastKnownFileType = sourcecode.c.objc; path = main.m; sourceTree = "<group>"; };
		1C3CA0CD1AB73F3F008E58B5 /* AppDelegate.h */ = {isa = PBXFileReference; lastKnownFileType = sourcecode.c.h; path = AppDelegate.h; sourceTree = "<group>"; };
		1C3CA0CE1AB73F3F008E58B5 /* AppDelegate.m */ = {isa = PBXFileReference; lastKnownFileType = sourcecode.c.objc; path = AppDelegate.m; sourceTree = "<group>"; };
		1C3CA0D01AB73F3F008E58B5 /* ViewController.h */ = {isa = PBXFileReference; lastKnownFileType = sourcecode.c.h; path = ViewController.h; sourceTree = "<group>"; };
		1C3CA0D11AB73F3F008E58B5 /* ViewController.m */ = {isa = PBXFileReference; lastKnownFileType = sourcecode.c.objc; path = ViewController.m; sourceTree = "<group>"; };
		1C3CA0D41AB73F3F008E58B5 /* Base */ = {isa = PBXFileReference; lastKnownFileType = file.storyboard; name = Base; path = Base.lproj/Main.storyboard; sourceTree = "<group>"; };
		1C3CA0D61AB73F3F008E58B5 /* Images.xcassets */ = {isa = PBXFileReference; lastKnownFileType = folder.assetcatalog; path = Images.xcassets; sourceTree = "<group>"; };
		1C3CA0D91AB73F3F008E58B5 /* Base */ = {isa = PBXFileReference; lastKnownFileType = file.xib; name = Base; path = Base.lproj/LaunchScreen.xib; sourceTree = "<group>"; };
		1C3CA0DF1AB73F3F008E58B5 /* PRCompatiblePopoverTests.xctest */ = {isa = PBXFileReference; explicitFileType = wrapper.cfbundle; includeInIndex = 0; path = PRCompatiblePopoverTests.xctest; sourceTree = BUILT_PRODUCTS_DIR; };
		1C3CA0E41AB73F3F008E58B5 /* Info.plist */ = {isa = PBXFileReference; lastKnownFileType = text.plist.xml; path = Info.plist; sourceTree = "<group>"; };
		1C3CA0E51AB73F3F008E58B5 /* PRCompatiblePopoverTests.m */ = {isa = PBXFileReference; lastKnownFileType = sourcecode.c.objc; path = PRCompatiblePopoverTests.m; sourceTree = "<group>"; };
		1C3CA0F01AB73F9A008E58B5 /* PRCompatiblePopoverController.h */ = {isa = PBXFileReference; fileEncoding = 4; lastKnownFileType = sourcecode.c.h; path = PRCompatiblePopoverController.h; sourceTree = "<group>"; };
		1C3CA0F11AB73F9A008E58B5 /* PRCompatiblePopoverController.m */ = {isa = PBXFileReference; fileEncoding = 4; lastKnownFileType = sourcecode.c.objc; path = PRCompatiblePopoverController.m; sourceTree = "<group>"; };
		1C3CA0F31AB741B0008E58B5 /* SampleTableViewController.h */ = {isa = PBXFileReference; fileEncoding = 4; lastKnownFileType = sourcecode.c.h; path = SampleTableViewController.h; sourceTree = "<group>"; };
		1C3CA0F41AB741B0008E58B5 /* SampleTableViewController.m */ = {isa = PBXFileReference; fileEncoding = 4; lastKnownFileType = sourcecode.c.objc; path = SampleTableViewController.m; sourceTree = "<group>"; };
/* End PBXFileReference section */

/* Begin PBXFrameworksBuildPhase section */
		1C3CA0C31AB73F3F008E58B5 /* Frameworks */ = {
			isa = PBXFrameworksBuildPhase;
			buildActionMask = 2147483647;
			files = (
			);
			runOnlyForDeploymentPostprocessing = 0;
		};
		1C3CA0DC1AB73F3F008E58B5 /* Frameworks */ = {
			isa = PBXFrameworksBuildPhase;
			buildActionMask = 2147483647;
			files = (
			);
			runOnlyForDeploymentPostprocessing = 0;
		};
/* End PBXFrameworksBuildPhase section */

/* Begin PBXGroup section */
		1C3CA0BD1AB73F3F008E58B5 = {
			isa = PBXGroup;
			children = (
				1C3CA0C81AB73F3F008E58B5 /* PRCompatiblePopover */,
				1C3CA0E21AB73F3F008E58B5 /* PRCompatiblePopoverTests */,
				1C3CA0C71AB73F3F008E58B5 /* Products */,
			);
			sourceTree = "<group>";
		};
		1C3CA0C71AB73F3F008E58B5 /* Products */ = {
			isa = PBXGroup;
			children = (
				1C3CA0C61AB73F3F008E58B5 /* PRCompatiblePopover.app */,
				1C3CA0DF1AB73F3F008E58B5 /* PRCompatiblePopoverTests.xctest */,
			);
			name = Products;
			sourceTree = "<group>";
		};
		1C3CA0C81AB73F3F008E58B5 /* PRCompatiblePopover */ = {
			isa = PBXGroup;
			children = (
				1C3CA0EF1AB73F79008E58B5 /* PRCompatiblePopoverController */,
				1C3CA0CD1AB73F3F008E58B5 /* AppDelegate.h */,
				1C3CA0CE1AB73F3F008E58B5 /* AppDelegate.m */,
				1C3CA0D01AB73F3F008E58B5 /* ViewController.h */,
				1C3CA0D11AB73F3F008E58B5 /* ViewController.m */,
				1C3CA0F31AB741B0008E58B5 /* SampleTableViewController.h */,
				1C3CA0F41AB741B0008E58B5 /* SampleTableViewController.m */,
				1C3CA0D31AB73F3F008E58B5 /* Main.storyboard */,
				1C3CA0D61AB73F3F008E58B5 /* Images.xcassets */,
				1C3CA0D81AB73F3F008E58B5 /* LaunchScreen.xib */,
				1C3CA0C91AB73F3F008E58B5 /* Supporting Files */,
			);
			path = PRCompatiblePopover;
			sourceTree = "<group>";
		};
		1C3CA0C91AB73F3F008E58B5 /* Supporting Files */ = {
			isa = PBXGroup;
			children = (
				1C3CA0CA1AB73F3F008E58B5 /* Info.plist */,
				1C3CA0CB1AB73F3F008E58B5 /* main.m */,
			);
			name = "Supporting Files";
			sourceTree = "<group>";
		};
		1C3CA0E21AB73F3F008E58B5 /* PRCompatiblePopoverTests */ = {
			isa = PBXGroup;
			children = (
				1C3CA0E51AB73F3F008E58B5 /* PRCompatiblePopoverTests.m */,
				1C3CA0E31AB73F3F008E58B5 /* Supporting Files */,
			);
			path = PRCompatiblePopoverTests;
			sourceTree = "<group>";
		};
		1C3CA0E31AB73F3F008E58B5 /* Supporting Files */ = {
			isa = PBXGroup;
			children = (
				1C3CA0E41AB73F3F008E58B5 /* Info.plist */,
			);
			name = "Supporting Files";
			sourceTree = "<group>";
		};
		1C3CA0EF1AB73F79008E58B5 /* PRCompatiblePopoverController */ = {
			isa = PBXGroup;
			children = (
				1C3CA0F01AB73F9A008E58B5 /* PRCompatiblePopoverController.h */,
				1C3CA0F11AB73F9A008E58B5 /* PRCompatiblePopoverController.m */,
			);
			name = PRCompatiblePopoverController;
			path = CompatiblePopover;
			sourceTree = "<group>";
		};
/* End PBXGroup section */

/* Begin PBXNativeTarget section */
		1C3CA0C51AB73F3F008E58B5 /* PRCompatiblePopover */ = {
			isa = PBXNativeTarget;
			buildConfigurationList = 1C3CA0E91AB73F3F008E58B5 /* Build configuration list for PBXNativeTarget "PRCompatiblePopover" */;
			buildPhases = (
				1C3CA0C21AB73F3F008E58B5 /* Sources */,
				1C3CA0C31AB73F3F008E58B5 /* Frameworks */,
				1C3CA0C41AB73F3F008E58B5 /* Resources */,
			);
			buildRules = (
			);
			dependencies = (
			);
			name = PRCompatiblePopover;
			productName = PRCompatiblePopover;
			productReference = 1C3CA0C61AB73F3F008E58B5 /* PRCompatiblePopover.app */;
			productType = "com.apple.product-type.application";
		};
		1C3CA0DE1AB73F3F008E58B5 /* PRCompatiblePopoverTests */ = {
			isa = PBXNativeTarget;
			buildConfigurationList = 1C3CA0EC1AB73F3F008E58B5 /* Build configuration list for PBXNativeTarget "PRCompatiblePopoverTests" */;
			buildPhases = (
				1C3CA0DB1AB73F3F008E58B5 /* Sources */,
				1C3CA0DC1AB73F3F008E58B5 /* Frameworks */,
				1C3CA0DD1AB73F3F008E58B5 /* Resources */,
			);
			buildRules = (
			);
			dependencies = (
				1C3CA0E11AB73F3F008E58B5 /* PBXTargetDependency */,
			);
			name = PRCompatiblePopoverTests;
			productName = PRCompatiblePopoverTests;
			productReference = 1C3CA0DF1AB73F3F008E58B5 /* PRCompatiblePopoverTests.xctest */;
			productType = "com.apple.product-type.bundle.unit-test";
		};
/* End PBXNativeTarget section */

/* Begin PBXProject section */
		1C3CA0BE1AB73F3F008E58B5 /* Project object */ = {
			isa = PBXProject;
			attributes = {
				LastUpgradeCheck = 0620;
				ORGANIZATIONNAME = BlackCode;
				TargetAttributes = {
					1C3CA0C51AB73F3F008E58B5 = {
						CreatedOnToolsVersion = 6.2;
					};
					1C3CA0DE1AB73F3F008E58B5 = {
						CreatedOnToolsVersion = 6.2;
						TestTargetID = 1C3CA0C51AB73F3F008E58B5;
					};
				};
			};
			buildConfigurationList = 1C3CA0C11AB73F3F008E58B5 /* Build configuration list for PBXProject "PRCompatiblePopover" */;
			compatibilityVersion = "Xcode 3.2";
			developmentRegion = English;
			hasScannedForEncodings = 0;
			knownRegions = (
				en,
				Base,
			);
			mainGroup = 1C3CA0BD1AB73F3F008E58B5;
			productRefGroup = 1C3CA0C71AB73F3F008E58B5 /* Products */;
			projectDirPath = "";
			projectRoot = "";
			targets = (
				1C3CA0C51AB73F3F008E58B5 /* PRCompatiblePopover */,
				1C3CA0DE1AB73F3F008E58B5 /* PRCompatiblePopoverTests */,
			);
		};
/* End PBXProject section */

/* Begin PBXResourcesBuildPhase section */
		1C3CA0C41AB73F3F008E58B5 /* Resources */ = {
			isa = PBXResourcesBuildPhase;
			buildActionMask = 2147483647;
			files = (
				1C3CA0D51AB73F3F008E58B5 /* Main.storyboard in Resources */,
				1C3CA0DA1AB73F3F008E58B5 /* LaunchScreen.xib in Resources */,
				1C3CA0D71AB73F3F008E58B5 /* Images.xcassets in Resources */,
			);
			runOnlyForDeploymentPostprocessing = 0;
		};
		1C3CA0DD1AB73F3F008E58B5 /* Resources */ = {
			isa = PBXResourcesBuildPhase;
			buildActionMask = 2147483647;
			files = (
			);
			runOnlyForDeploymentPostprocessing = 0;
		};
/* End PBXResourcesBuildPhase section */

/* Begin PBXSourcesBuildPhase section */
		1C3CA0C21AB73F3F008E58B5 /* Sources */ = {
			isa = PBXSourcesBuildPhase;
			buildActionMask = 2147483647;
			files = (
				1C3CA0D21AB73F3F008E58B5 /* ViewController.m in Sources */,
				1C3CA0F21AB73F9A008E58B5 /* PRCompatiblePopoverController.m in Sources */,
				1C3CA0CF1AB73F3F008E58B5 /* AppDelegate.m in Sources */,
				1C3CA0CC1AB73F3F008E58B5 /* main.m in Sources */,
				1C3CA0F51AB741B0008E58B5 /* SampleTableViewController.m in Sources */,
			);
			runOnlyForDeploymentPostprocessing = 0;
		};
		1C3CA0DB1AB73F3F008E58B5 /* Sources */ = {
			isa = PBXSourcesBuildPhase;
			buildActionMask = 2147483647;
			files = (
				1C3CA0E61AB73F3F008E58B5 /* PRCompatiblePopoverTests.m in Sources */,
			);
			runOnlyForDeploymentPostprocessing = 0;
		};
/* End PBXSourcesBuildPhase section */

/* Begin PBXTargetDependency section */
		1C3CA0E11AB73F3F008E58B5 /* PBXTargetDependency */ = {
			isa = PBXTargetDependency;
			target = 1C3CA0C51AB73F3F008E58B5 /* PRCompatiblePopover */;
			targetProxy = 1C3CA0E01AB73F3F008E58B5 /* PBXContainerItemProxy */;
		};
/* End PBXTargetDependency section */

/* Begin PBXVariantGroup section */
		1C3CA0D31AB73F3F008E58B5 /* Main.storyboard */ = {
			isa = PBXVariantGroup;
			children = (
				1C3CA0D41AB73F3F008E58B5 /* Base */,
			);
			name = Main.storyboard;
			sourceTree = "<group>";
		};
		1C3CA0D81AB73F3F008E58B5 /* LaunchScreen.xib */ = {
			isa = PBXVariantGroup;
			children = (
				1C3CA0D91AB73F3F008E58B5 /* Base */,
			);
			name = LaunchScreen.xib;
			sourceTree = "<group>";
		};
/* End PBXVariantGroup section */

/* Begin XCBuildConfiguration section */
		1C3CA0E71AB73F3F008E58B5 /* Debug */ = {
			isa = XCBuildConfiguration;
			buildSettings = {
				ALWAYS_SEARCH_USER_PATHS = NO;
				CLANG_CXX_LANGUAGE_STANDARD = "gnu++0x";
				CLANG_CXX_LIBRARY = "libc++";
				CLANG_ENABLE_MODULES = YES;
				CLANG_ENABLE_OBJC_ARC = YES;
				CLANG_WARN_BOOL_CONVERSION = YES;
				CLANG_WARN_CONSTANT_CONVERSION = YES;
				CLANG_WARN_DIRECT_OBJC_ISA_USAGE = YES_ERROR;
				CLANG_WARN_EMPTY_BODY = YES;
				CLANG_WARN_ENUM_CONVERSION = YES;
				CLANG_WARN_INT_CONVERSION = YES;
				CLANG_WARN_OBJC_ROOT_CLASS = YES_ERROR;
				CLANG_WARN_UNREACHABLE_CODE = YES;
				CLANG_WARN__DUPLICATE_METHOD_MATCH = YES;
				"CODE_SIGN_IDENTITY[sdk=iphoneos*]" = "iPhone Developer";
				COPY_PHASE_STRIP = NO;
				ENABLE_STRICT_OBJC_MSGSEND = YES;
				GCC_C_LANGUAGE_STANDARD = gnu99;
				GCC_DYNAMIC_NO_PIC = NO;
				GCC_OPTIMIZATION_LEVEL = 0;
				GCC_PREPROCESSOR_DEFINITIONS = (
					"DEBUG=1",
					"$(inherited)",
				);
				GCC_SYMBOLS_PRIVATE_EXTERN = NO;
				GCC_WARN_64_TO_32_BIT_CONVERSION = YES;
				GCC_WARN_ABOUT_RETURN_TYPE = YES_ERROR;
				GCC_WARN_UNDECLARED_SELECTOR = YES;
				GCC_WARN_UNINITIALIZED_AUTOS = YES_AGGRESSIVE;
				GCC_WARN_UNUSED_FUNCTION = YES;
				GCC_WARN_UNUSED_VARIABLE = YES;
				IPHONEOS_DEPLOYMENT_TARGET = 8.2;
				MTL_ENABLE_DEBUG_INFO = YES;
				ONLY_ACTIVE_ARCH = YES;
				SDKROOT = iphoneos;
				TARGETED_DEVICE_FAMILY = 2;
			};
			name = Debug;
		};
		1C3CA0E81AB73F3F008E58B5 /* Release */ = {
			isa = XCBuildConfiguration;
			buildSettings = {
				ALWAYS_SEARCH_USER_PATHS = NO;
				CLANG_CXX_LANGUAGE_STANDARD = "gnu++0x";
				CLANG_CXX_LIBRARY = "libc++";
				CLANG_ENABLE_MODULES = YES;
				CLANG_ENABLE_OBJC_ARC = YES;
				CLANG_WARN_BOOL_CONVERSION = YES;
				CLANG_WARN_CONSTANT_CONVERSION = YES;
				CLANG_WARN_DIRECT_OBJC_ISA_USAGE = YES_ERROR;
				CLANG_WARN_EMPTY_BODY = YES;
				CLANG_WARN_ENUM_CONVERSION = YES;
				CLANG_WARN_INT_CONVERSION = YES;
				CLANG_WARN_OBJC_ROOT_CLASS = YES_ERROR;
				CLANG_WARN_UNREACHABLE_CODE = YES;
				CLANG_WARN__DUPLICATE_METHOD_MATCH = YES;
				"CODE_SIGN_IDENTITY[sdk=iphoneos*]" = "iPhone Developer";
				COPY_PHASE_STRIP = NO;
				ENABLE_NS_ASSERTIONS = NO;
				ENABLE_STRICT_OBJC_MSGSEND = YES;
				GCC_C_LANGUAGE_STANDARD = gnu99;
				GCC_WARN_64_TO_32_BIT_CONVERSION = YES;
				GCC_WARN_ABOUT_RETURN_TYPE = YES_ERROR;
				GCC_WARN_UNDECLARED_SELECTOR = YES;
				GCC_WARN_UNINITIALIZED_AUTOS = YES_AGGRESSIVE;
				GCC_WARN_UNUSED_FUNCTION = YES;
				GCC_WARN_UNUSED_VARIABLE = YES;
				IPHONEOS_DEPLOYMENT_TARGET = 8.2;
				MTL_ENABLE_DEBUG_INFO = NO;
				SDKROOT = iphoneos;
				TARGETED_DEVICE_FAMILY = 2;
				VALIDATE_PRODUCT = YES;
			};
			name = Release;
		};
		1C3CA0EA1AB73F3F008E58B5 /* Debug */ = {
			isa = XCBuildConfiguration;
			buildSettings = {
				ASSETCATALOG_COMPILER_APPICON_NAME = AppIcon;
				INFOPLIST_FILE = PRCompatiblePopover/Info.plist;
				IPHONEOS_DEPLOYMENT_TARGET = 6.0;
				LD_RUNPATH_SEARCH_PATHS = "$(inherited) @executable_path/Frameworks";
				PRODUCT_NAME = "$(TARGET_NAME)";
			};
			name = Debug;
		};
		1C3CA0EB1AB73F3F008E58B5 /* Release */ = {
			isa = XCBuildConfiguration;
			buildSettings = {
				ASSETCATALOG_COMPILER_APPICON_NAME = AppIcon;
				INFOPLIST_FILE = PRCompatiblePopover/Info.plist;
				IPHONEOS_DEPLOYMENT_TARGET = 6.0;
				LD_RUNPATH_SEARCH_PATHS = "$(inherited) @executable_path/Frameworks";
				PRODUCT_NAME = "$(TARGET_NAME)";
			};
			name = Release;
		};
		1C3CA0ED1AB73F3F008E58B5 /* Debug */ = {
			isa = XCBuildConfiguration;
			buildSettings = {
				BUNDLE_LOADER = "$(TEST_HOST)";
				FRAMEWORK_SEARCH_PATHS = (
					"$(SDKROOT)/Developer/Library/Frameworks",
					"$(inherited)",
				);
				GCC_PREPROCESSOR_DEFINITIONS = (
					"DEBUG=1",
					"$(inherited)",
				);
				INFOPLIST_FILE = PRCompatiblePopoverTests/Info.plist;
				LD_RUNPATH_SEARCH_PATHS = "$(inherited) @executable_path/Frameworks @loader_path/Frameworks";
				PRODUCT_NAME = "$(TARGET_NAME)";
				TEST_HOST = "$(BUILT_PRODUCTS_DIR)/PRCompatiblePopover.app/PRCompatiblePopover";
			};
			name = Debug;
		};
		1C3CA0EE1AB73F3F008E58B5 /* Release */ = {
			isa = XCBuildConfiguration;
			buildSettings = {
				BUNDLE_LOADER = "$(TEST_HOST)";
				FRAMEWORK_SEARCH_PATHS = (
					"$(SDKROOT)/Developer/Library/Frameworks",
					"$(inherited)",
				);
				INFOPLIST_FILE = PRCompatiblePopoverTests/Info.plist;
				LD_RUNPATH_SEARCH_PATHS = "$(inherited) @executable_path/Frameworks @loader_path/Frameworks";
				PRODUCT_NAME = "$(TARGET_NAME)";
				TEST_HOST = "$(BUILT_PRODUCTS_DIR)/PRCompatiblePopover.app/PRCompatiblePopover";
			};
			name = Release;
		};
/* End XCBuildConfiguration section */

/* Begin XCConfigurationList section */
		1C3CA0C11AB73F3F008E58B5 /* Build configuration list for PBXProject "PRCompatiblePopover" */ = {
			isa = XCConfigurationList;
			buildConfigurations = (
				1C3CA0E71AB73F3F008E58B5 /* Debug */,
				1C3CA0E81AB73F3F008E58B5 /* Release */,
			);
			defaultConfigurationIsVisible = 0;
			defaultConfigurationName = Release;
		};
		1C3CA0E91AB73F3F008E58B5 /* Build configuration list for PBXNativeTarget "PRCompatiblePopover" */ = {
			isa = XCConfigurationList;
			buildConfigurations = (
				1C3CA0EA1AB73F3F008E58B5 /* Debug */,
				1C3CA0EB1AB73F3F008E58B5 /* Release */,
			);
			defaultConfigurationIsVisible = 0;
		};
		1C3CA0EC1AB73F3F008E58B5 /* Build configuration list for PBXNativeTarget "PRCompatiblePopoverTests" */ = {
			isa = XCConfigurationList;
			buildConfigurations = (
				1C3CA0ED1AB73F3F008E58B5 /* Debug */,
				1C3CA0EE1AB73F3F008E58B5 /* Release */,
			);
			defaultConfigurationIsVisible = 0;
		};
/* End XCConfigurationList section */
	};
	rootObject = 1C3CA0BE1AB73F3F008E58B5 /* Project object */;
}
